
Microsoft Visual Studio Solution File, Format Version 12.00
# Visual Studio Version 17
VisualStudioVersion = 17.7.34031.279
MinimumVisualStudioVersion = 10.0.40219.1
Project("{FAE04EC0-301F-11D3-BF4B-00C04F79EFBC}") = "Normalize_spaces", "Z_5.1.1\Normalize_spaces.csproj", "{C9643946-DB45-4B8F-B3C3-153B3D97D3B6}"
EndProject
Global
	GlobalSection(SolutionConfigurationPlatforms) = preSolution
		Debug|Any CPU = Debug|Any CPU
		Release|Any CPU = Release|Any CPU
	EndGlobalSection
	GlobalSection(ProjectConfigurationPlatforms) = postSolution
		{C9643946-DB45-4B8F-B3C3-153B3D97D3B6}.Debug|Any CPU.ActiveCfg = Debug|Any CPU
		{C9643946-DB45-4B8F-B3C3-153B3D97D3B6}.Debug|Any CPU.Build.0 = Debug|Any CPU
		{C9643946-DB45-4B8F-B3C3-153B3D97D3B6}.Release|Any CPU.ActiveCfg = Release|Any CPU
		{C9643946-DB45-4B8F-B3C3-153B3D97D3B6}.Release|Any CPU.Build.0 = Release|Any CPU
	EndGlobalSection
	GlobalSection(SolutionProperties) = preSolution
		HideSolutionNode = FALSE
	EndGlobalSection
	GlobalSection(ExtensibilityGlobals) = postSolution
		SolutionGuid = {7469937B-A64E-4840-8413-598EE65AB1A4}
	EndGlobalSection
EndGlobal
