
Microsoft Visual Studio Solution File, Format Version 12.00
# Visual Studio Version 17
VisualStudioVersion = 17.7.34031.279
MinimumVisualStudioVersion = 10.0.40219.1
Project("{FAE04EC0-301F-11D3-BF4B-00C04F79EFBC}") = "Swap_Max_Min_Arr", "Z_3.1\Swap_Max_Min_Arr.csproj", "{A00C6939-D490-4AE9-B299-05433817AD2C}"
EndProject
Global
	GlobalSection(SolutionConfigurationPlatforms) = preSolution
		Debug|Any CPU = Debug|Any CPU
		Release|Any CPU = Release|Any CPU
	EndGlobalSection
	GlobalSection(ProjectConfigurationPlatforms) = postSolution
		{A00C6939-D490-4AE9-B299-05433817AD2C}.Debug|Any CPU.ActiveCfg = Debug|Any CPU
		{A00C6939-D490-4AE9-B299-05433817AD2C}.Debug|Any CPU.Build.0 = Debug|Any CPU
		{A00C6939-D490-4AE9-B299-05433817AD2C}.Release|Any CPU.ActiveCfg = Release|Any CPU
		{A00C6939-D490-4AE9-B299-05433817AD2C}.Release|Any CPU.Build.0 = Release|Any CPU
	EndGlobalSection
	GlobalSection(SolutionProperties) = preSolution
		HideSolutionNode = FALSE
	EndGlobalSection
	GlobalSection(ExtensibilityGlobals) = postSolution
		SolutionGuid = {810717BB-FC8E-44E2-A015-E8EDD18D6473}
	EndGlobalSection
EndGlobal
