
Microsoft Visual Studio Solution File, Format Version 12.00
# Visual Studio Version 17
VisualStudioVersion = 17.7.34031.279
MinimumVisualStudioVersion = 10.0.40219.1
Project("{FAE04EC0-301F-11D3-BF4B-00C04F79EFBC}") = "Count_words", "Z_2.1\Count_words.csproj", "{5A294331-78C4-48EE-AE82-FD7C421234CF}"
EndProject
Global
	GlobalSection(SolutionConfigurationPlatforms) = preSolution
		Debug|Any CPU = Debug|Any CPU
		Release|Any CPU = Release|Any CPU
	EndGlobalSection
	GlobalSection(ProjectConfigurationPlatforms) = postSolution
		{5A294331-78C4-48EE-AE82-FD7C421234CF}.Debug|Any CPU.ActiveCfg = Debug|Any CPU
		{5A294331-78C4-48EE-AE82-FD7C421234CF}.Debug|Any CPU.Build.0 = Debug|Any CPU
		{5A294331-78C4-48EE-AE82-FD7C421234CF}.Release|Any CPU.ActiveCfg = Release|Any CPU
		{5A294331-78C4-48EE-AE82-FD7C421234CF}.Release|Any CPU.Build.0 = Release|Any CPU
	EndGlobalSection
	GlobalSection(SolutionProperties) = preSolution
		HideSolutionNode = FALSE
	EndGlobalSection
	GlobalSection(ExtensibilityGlobals) = postSolution
		SolutionGuid = {D2754C21-B13E-42E8-9006-0A12CF05184C}
	EndGlobalSection
EndGlobal
